
Microsoft Visual Studio Solution File, Format Version 12.00
# Visual Studio Version 16
VisualStudioVersion = 16.0.31313.79
MinimumVisualStudioVersion = 10.0.40219.1
Project("{2150E333-8FDC-42A3-9474-1A3956D46DE8}") = "src", "src", "{8A1C0C20-91EE-4348-A8EA-114D09DE05E0}"
EndProject
Project("{2150E333-8FDC-42A3-9474-1A3956D46DE8}") = "Modules", "Modules", "{2A6EB1E6-5A7C-4732-99A2-0300916FA585}"
EndProject
Project("{2150E333-8FDC-42A3-9474-1A3956D46DE8}") = "Server", "Server", "{4E4F6E37-5A4F-4246-81FB-5CE5BF2B7B37}"
EndProject
Project("{2150E333-8FDC-42A3-9474-1A3956D46DE8}") = "Clients", "Clients", "{767EDE15-73FE-4F79-B437-117CD1B0DD1D}"
EndProject
Project("{2150E333-8FDC-42A3-9474-1A3956D46DE8}") = "Authentication", "Authentication", "{DFB1D59D-0238-4D55-9FA0-24A11F844F34}"
EndProject
Project("{2150E333-8FDC-42A3-9474-1A3956D46DE8}") = "Catalogs", "Catalogs", "{408A6296-CD34-4016-91F2-C81782724068}"
EndProject
Project("{2150E333-8FDC-42A3-9474-1A3956D46DE8}") = "People", "People", "{883EBB46-7EA4-4E17-9AB0-7FE0F60C8565}"
EndProject
Project("{2150E333-8FDC-42A3-9474-1A3956D46DE8}") = "Sales", "Sales", "{1CADCB05-2C7B-477C-9BCA-74766638C86E}"
EndProject
Project("{2150E333-8FDC-42A3-9474-1A3956D46DE8}") = "Inventories", "Inventories", "{47737E2E-19DD-438B-BC4F-3ABCED87FD8B}"
EndProject
Project("{2150E333-8FDC-42A3-9474-1A3956D46DE8}") = "Blazor", "Blazor", "{D8B4C948-F626-4413-A47D-C2DB88C58850}"
EndProject
Project("{2150E333-8FDC-42A3-9474-1A3956D46DE8}") = "Shared", "Shared", "{B59935A9-4288-4A52-B74E-BDFB36EA9225}"
EndProject
Project("{9A19103F-16F7-4668-BE54-9A1E7A4F7556}") = "Bootstrapper", "src\Bootstrapper\Bootstrapper.csproj", "{6F036BDD-0283-454B-8701-8198BDBA738B}"
EndProject
Project("{2150E333-8FDC-42A3-9474-1A3956D46DE8}") = "Shared", "Shared", "{3527F964-727A-460F-9148-9A7D7799E433}"
EndProject
Project("{9A19103F-16F7-4668-BE54-9A1E7A4F7556}") = "Shared.Infrastructure", "src\Shared.Infrastructure\Shared.Infrastructure.csproj", "{1884A9EB-DA76-450D-8646-2FB3F19F76A7}"
EndProject
Project("{9A19103F-16F7-4668-BE54-9A1E7A4F7556}") = "Shared.Abstractions", "src\Shared.Abstractions\Shared.Abstractions.csproj", "{0CDC02BA-FA0C-4081-9CB1-976009E527A3}"
EndProject
Project("{9A19103F-16F7-4668-BE54-9A1E7A4F7556}") = "Modules.Catalogs", "src\Modules.Catalogs.Controllers\Modules.Catalogs.csproj", "{F117E9E7-AE75-46E7-AF89-5E7FD80A4F9A}"
EndProject
Project("{2150E333-8FDC-42A3-9474-1A3956D46DE8}") = "Api", "Api", "{D1E949DF-445D-4218-B8BA-8FCA0DBFE1B6}"
EndProject
Project("{FAE04EC0-301F-11D3-BF4B-00C04F79EFBC}") = "Modules.Catalogs.Core", "src\Modules.Catalogs.Core\Modules.Catalogs.Core.csproj", "{1BBC117B-89D7-483A-97F3-A031FC964C7A}"
EndProject
Project("{FAE04EC0-301F-11D3-BF4B-00C04F79EFBC}") = "Modules.Catalogs.Infrastructure", "Modules.Catalogs.Infrastructure\Modules.Catalogs.Infrastructure.csproj", "{A2E419A5-9E34-45D8-8466-B59E5FA0A0F9}"
EndProject
Global
	GlobalSection(SolutionConfigurationPlatforms) = preSolution
		Debug|Any CPU = Debug|Any CPU
		Release|Any CPU = Release|Any CPU
	EndGlobalSection
	GlobalSection(ProjectConfigurationPlatforms) = postSolution
		{6F036BDD-0283-454B-8701-8198BDBA738B}.Debug|Any CPU.ActiveCfg = Debug|Any CPU
		{6F036BDD-0283-454B-8701-8198BDBA738B}.Debug|Any CPU.Build.0 = Debug|Any CPU
		{6F036BDD-0283-454B-8701-8198BDBA738B}.Release|Any CPU.ActiveCfg = Release|Any CPU
		{6F036BDD-0283-454B-8701-8198BDBA738B}.Release|Any CPU.Build.0 = Release|Any CPU
		{1884A9EB-DA76-450D-8646-2FB3F19F76A7}.Debug|Any CPU.ActiveCfg = Debug|Any CPU
		{1884A9EB-DA76-450D-8646-2FB3F19F76A7}.Debug|Any CPU.Build.0 = Debug|Any CPU
		{1884A9EB-DA76-450D-8646-2FB3F19F76A7}.Release|Any CPU.ActiveCfg = Release|Any CPU
		{1884A9EB-DA76-450D-8646-2FB3F19F76A7}.Release|Any CPU.Build.0 = Release|Any CPU
		{0CDC02BA-FA0C-4081-9CB1-976009E527A3}.Debug|Any CPU.ActiveCfg = Debug|Any CPU
		{0CDC02BA-FA0C-4081-9CB1-976009E527A3}.Debug|Any CPU.Build.0 = Debug|Any CPU
		{0CDC02BA-FA0C-4081-9CB1-976009E527A3}.Release|Any CPU.ActiveCfg = Release|Any CPU
		{0CDC02BA-FA0C-4081-9CB1-976009E527A3}.Release|Any CPU.Build.0 = Release|Any CPU
		{F117E9E7-AE75-46E7-AF89-5E7FD80A4F9A}.Debug|Any CPU.ActiveCfg = Debug|Any CPU
		{F117E9E7-AE75-46E7-AF89-5E7FD80A4F9A}.Debug|Any CPU.Build.0 = Debug|Any CPU
		{F117E9E7-AE75-46E7-AF89-5E7FD80A4F9A}.Release|Any CPU.ActiveCfg = Release|Any CPU
		{F117E9E7-AE75-46E7-AF89-5E7FD80A4F9A}.Release|Any CPU.Build.0 = Release|Any CPU
		{1BBC117B-89D7-483A-97F3-A031FC964C7A}.Debug|Any CPU.ActiveCfg = Debug|Any CPU
		{1BBC117B-89D7-483A-97F3-A031FC964C7A}.Debug|Any CPU.Build.0 = Debug|Any CPU
		{1BBC117B-89D7-483A-97F3-A031FC964C7A}.Release|Any CPU.ActiveCfg = Release|Any CPU
		{1BBC117B-89D7-483A-97F3-A031FC964C7A}.Release|Any CPU.Build.0 = Release|Any CPU
		{A2E419A5-9E34-45D8-8466-B59E5FA0A0F9}.Debug|Any CPU.ActiveCfg = Debug|Any CPU
		{A2E419A5-9E34-45D8-8466-B59E5FA0A0F9}.Debug|Any CPU.Build.0 = Debug|Any CPU
		{A2E419A5-9E34-45D8-8466-B59E5FA0A0F9}.Release|Any CPU.ActiveCfg = Release|Any CPU
		{A2E419A5-9E34-45D8-8466-B59E5FA0A0F9}.Release|Any CPU.Build.0 = Release|Any CPU
	EndGlobalSection
	GlobalSection(SolutionProperties) = preSolution
		HideSolutionNode = FALSE
	EndGlobalSection
	GlobalSection(NestedProjects) = preSolution
		{2A6EB1E6-5A7C-4732-99A2-0300916FA585} = {4E4F6E37-5A4F-4246-81FB-5CE5BF2B7B37}
		{4E4F6E37-5A4F-4246-81FB-5CE5BF2B7B37} = {8A1C0C20-91EE-4348-A8EA-114D09DE05E0}
		{767EDE15-73FE-4F79-B437-117CD1B0DD1D} = {8A1C0C20-91EE-4348-A8EA-114D09DE05E0}
		{DFB1D59D-0238-4D55-9FA0-24A11F844F34} = {2A6EB1E6-5A7C-4732-99A2-0300916FA585}
		{408A6296-CD34-4016-91F2-C81782724068} = {2A6EB1E6-5A7C-4732-99A2-0300916FA585}
		{883EBB46-7EA4-4E17-9AB0-7FE0F60C8565} = {2A6EB1E6-5A7C-4732-99A2-0300916FA585}
		{1CADCB05-2C7B-477C-9BCA-74766638C86E} = {2A6EB1E6-5A7C-4732-99A2-0300916FA585}
		{47737E2E-19DD-438B-BC4F-3ABCED87FD8B} = {2A6EB1E6-5A7C-4732-99A2-0300916FA585}
		{D8B4C948-F626-4413-A47D-C2DB88C58850} = {767EDE15-73FE-4F79-B437-117CD1B0DD1D}
		{B59935A9-4288-4A52-B74E-BDFB36EA9225} = {767EDE15-73FE-4F79-B437-117CD1B0DD1D}
		{6F036BDD-0283-454B-8701-8198BDBA738B} = {D1E949DF-445D-4218-B8BA-8FCA0DBFE1B6}
		{3527F964-727A-460F-9148-9A7D7799E433} = {4E4F6E37-5A4F-4246-81FB-5CE5BF2B7B37}
		{1884A9EB-DA76-450D-8646-2FB3F19F76A7} = {3527F964-727A-460F-9148-9A7D7799E433}
		{0CDC02BA-FA0C-4081-9CB1-976009E527A3} = {3527F964-727A-460F-9148-9A7D7799E433}
		{F117E9E7-AE75-46E7-AF89-5E7FD80A4F9A} = {408A6296-CD34-4016-91F2-C81782724068}
		{D1E949DF-445D-4218-B8BA-8FCA0DBFE1B6} = {4E4F6E37-5A4F-4246-81FB-5CE5BF2B7B37}
		{1BBC117B-89D7-483A-97F3-A031FC964C7A} = {408A6296-CD34-4016-91F2-C81782724068}
		{A2E419A5-9E34-45D8-8466-B59E5FA0A0F9} = {408A6296-CD34-4016-91F2-C81782724068}
	EndGlobalSection
	GlobalSection(ExtensibilityGlobals) = postSolution
		SolutionGuid = {470B6C9A-5A3C-4ADA-B916-03AF3F25003D}
	EndGlobalSection
EndGlobal
